
Microsoft Visual Studio Solution File, Format Version 12.00
# Visual Studio Version 17
VisualStudioVersion = 17.13.35919.96
MinimumVisualStudioVersion = 10.0.40219.1
Project("{2150E333-8FDC-42A3-9474-1A3956D46DE8}") = "Engine", "Engine", "{C8D5274F-AC00-46C7-1F8D-E88E81087A52}"
EndProject
Project("{2150E333-8FDC-42A3-9474-1A3956D46DE8}") = "Example", "Example", "{EA61F021-5329-4FBB-A69F-CC2A35EDABE0}"
EndProject
Project("{8BC9CEB8-8B4A-11D0-8D11-00A0C91BC942}") = "BlackBoard", "BlackBoard\BlackBoard.vcxproj", "{BFDE1130-5021-4991-ADE4-477A2A04BF98}"
EndProject
Project("{8BC9CEB8-8B4A-11D0-8D11-00A0C91BC942}") = "Common", "Common\Common.vcxitems", "{78E15CAD-07A6-47AA-92FD-F28EAEED6DE2}"
EndProject
Project("{8BC9CEB8-8B4A-11D0-8D11-00A0C91BC942}") = "Natvis", "Natvis\Natvis.vcxitems", "{B75408FB-FFCE-42EF-8D11-00E416FF402C}"
EndProject
Project("{8BC9CEB8-8B4A-11D0-8D11-00A0C91BC942}") = "ReflectSystem", "ReflectSystem\ReflectSystem.vcxproj", "{5D845171-C351-48BA-A4C1-D7C2D06F2F63}"
EndProject
Global
	GlobalSection(SolutionConfigurationPlatforms) = preSolution
		Debug|x64 = Debug|x64
		Debug|x86 = Debug|x86
		Release|x64 = Release|x64
		Release|x86 = Release|x86
	EndGlobalSection
	GlobalSection(ProjectConfigurationPlatforms) = postSolution
		{BFDE1130-5021-4991-ADE4-477A2A04BF98}.Debug|x64.ActiveCfg = Debug|x64
		{BFDE1130-5021-4991-ADE4-477A2A04BF98}.Debug|x64.Build.0 = Debug|x64
		{BFDE1130-5021-4991-ADE4-477A2A04BF98}.Debug|x86.ActiveCfg = Debug|Win32
		{BFDE1130-5021-4991-ADE4-477A2A04BF98}.Debug|x86.Build.0 = Debug|Win32
		{BFDE1130-5021-4991-ADE4-477A2A04BF98}.Release|x64.ActiveCfg = Release|x64
		{BFDE1130-5021-4991-ADE4-477A2A04BF98}.Release|x64.Build.0 = Release|x64
		{BFDE1130-5021-4991-ADE4-477A2A04BF98}.Release|x86.ActiveCfg = Release|Win32
		{BFDE1130-5021-4991-ADE4-477A2A04BF98}.Release|x86.Build.0 = Release|Win32
		{5D845171-C351-48BA-A4C1-D7C2D06F2F63}.Debug|x64.ActiveCfg = Debug|x64
		{5D845171-C351-48BA-A4C1-D7C2D06F2F63}.Debug|x64.Build.0 = Debug|x64
		{5D845171-C351-48BA-A4C1-D7C2D06F2F63}.Debug|x86.ActiveCfg = Debug|Win32
		{5D845171-C351-48BA-A4C1-D7C2D06F2F63}.Debug|x86.Build.0 = Debug|Win32
		{5D845171-C351-48BA-A4C1-D7C2D06F2F63}.Release|x64.ActiveCfg = Release|x64
		{5D845171-C351-48BA-A4C1-D7C2D06F2F63}.Release|x64.Build.0 = Release|x64
		{5D845171-C351-48BA-A4C1-D7C2D06F2F63}.Release|x86.ActiveCfg = Release|Win32
		{5D845171-C351-48BA-A4C1-D7C2D06F2F63}.Release|x86.Build.0 = Release|Win32
	EndGlobalSection
	GlobalSection(SolutionProperties) = preSolution
		HideSolutionNode = FALSE
	EndGlobalSection
	GlobalSection(NestedProjects) = preSolution
		{BFDE1130-5021-4991-ADE4-477A2A04BF98} = {EA61F021-5329-4FBB-A69F-CC2A35EDABE0}
		{78E15CAD-07A6-47AA-92FD-F28EAEED6DE2} = {C8D5274F-AC00-46C7-1F8D-E88E81087A52}
		{B75408FB-FFCE-42EF-8D11-00E416FF402C} = {C8D5274F-AC00-46C7-1F8D-E88E81087A52}
		{5D845171-C351-48BA-A4C1-D7C2D06F2F63} = {C8D5274F-AC00-46C7-1F8D-E88E81087A52}
	EndGlobalSection
	GlobalSection(ExtensibilityGlobals) = postSolution
		SolutionGuid = {8D279FE8-A9BD-4E4E-939E-510969322F7F}
	EndGlobalSection
	GlobalSection(SharedMSBuildProjectFiles) = preSolution
		Common\Common.vcxitems*{5d845171-c351-48ba-a4c1-d7c2d06f2f63}*SharedItemsImports = 4
		Common\Common.vcxitems*{78e15cad-07a6-47aa-92fd-f28eaeed6de2}*SharedItemsImports = 9
		Natvis\Natvis.vcxitems*{b75408fb-ffce-42ef-8d11-00e416ff402c}*SharedItemsImports = 9
		Common\Common.vcxitems*{bfde1130-5021-4991-ade4-477a2a04bf98}*SharedItemsImports = 4
	EndGlobalSection
EndGlobal
