<?xml version="1.0" encoding="utf-8"?>
<Project ToolsVersion="4.0" xmlns="http://schemas.microsoft.com/developer/msbuild/2003">
  <ItemGroup>
    <Filter Include="소스 파일">
      <UniqueIdentifier>{4FC737F1-C7A5-4376-A066-2A32D752A2FF}</UniqueIdentifier>
      <Extensions>cpp;c;cc;cxx;c++;cppm;ixx;def;odl;idl;hpj;bat;asm;asmx</Extensions>
    </Filter>
    <Filter Include="헤더 파일">
      <UniqueIdentifier>{93995380-89BD-4b04-88EB-625FBE52EBFB}</UniqueIdentifier>
      <Extensions>h;hh;hpp;hxx;h++;hm;inl;inc;ipp;xsd</Extensions>
    </Filter>
    <Filter Include="리소스 파일">
      <UniqueIdentifier>{67DA6AB6-F800-4c08-8B7A-83BB121AAD01}</UniqueIdentifier>
      <Extensions>rc;ico;cur;bmp;dlg;rc2;rct;bin;rgs;gif;jpg;jpeg;jpe;resx;tiff;tif;png;wav;mfcribbon-ms</Extensions>
    </Filter>
    <Filter Include="소스 파일\App">
      <UniqueIdentifier>{9d43141e-48a7-4649-ad3f-c88da7810ac9}</UniqueIdentifier>
    </Filter>
    <Filter Include="헤더 파일\App">
      <UniqueIdentifier>{1a4b2a7f-81f2-4343-b294-4e87a1382e21}</UniqueIdentifier>
    </Filter>
    <Filter Include="헤더 파일\Resources">
      <UniqueIdentifier>{a2c3d4e5-f6a7-4b8c-9d0e-1f2a3b4c5d6e}</UniqueIdentifier>
    </Filter>
    <Filter Include="소스 파일\Resources">
      <UniqueIdentifier>{b3d4e5f6-a7b8-4c9d-0e1f-2a3b4c5d6e7f}</UniqueIdentifier>
    </Filter>
    <Filter Include="헤더 파일\Command">
      <UniqueIdentifier>{d24c53f1-3783-4d9d-b914-b9e3f4cd770d}</UniqueIdentifier>
    </Filter>
    <Filter Include="소스 파일\Command">
      <UniqueIdentifier>{a6e44714-38d1-4974-87e2-76ebfa617d4d}</UniqueIdentifier>
    </Filter>
    <Filter Include="헤더 파일\Pipeline">
      <UniqueIdentifier>{c5e66816-49e2-4a8d-ae3f-d9fac8d98e8e}</UniqueIdentifier>
    </Filter>
    <Filter Include="소스 파일\Pipeline">
      <UniqueIdentifier>{d6f77927-5af3-4b9e-bf4f-eabbd9e9f9f9}</UniqueIdentifier>
    </Filter>
  </ItemGroup>
  <ItemGroup>
    <ClInclude Include="GraphicsSystemPch.h">
      <Filter>헤더 파일</Filter>
    </ClInclude>
    <ClInclude Include="KEAppBase.h">
      <Filter>헤더 파일\App</Filter>
    </ClInclude>
    <ClInclude Include="SwapChain.h">
      <Filter>헤더 파일</Filter>
    </ClInclude>
    <ClInclude Include="DescriptorHeap.h">
      <Filter>헤더 파일\Resources</Filter>
    </ClInclude>
    <ClInclude Include="GPUResource.h">
      <Filter>헤더 파일\Resources</Filter>
    </ClInclude>
    <ClInclude Include="ConstantBuffer.h">
      <Filter>헤더 파일\Resources</Filter>
    </ClInclude>
    <ClInclude Include="StructuredBuffer.h">
      <Filter>헤더 파일\Resources</Filter>
    </ClInclude>
    <ClInclude Include="RenderTargetBuffer.h">
      <Filter>헤더 파일\Resources</Filter>
    </ClInclude>
    <ClInclude Include="CommandContext.h">
      <Filter>헤더 파일\Command</Filter>
    </ClInclude>
    <ClInclude Include="CommandQueue.h">
      <Filter>헤더 파일\Command</Filter>
    </ClInclude>
    <ClInclude Include="Pipeline\VertexShader.h">
      <Filter>헤더 파일\Pipeline</Filter>
    </ClInclude>
    <ClInclude Include="Pipeline\PixelShader.h">
      <Filter>헤더 파일\Pipeline</Filter>
    </ClInclude>
    <ClInclude Include="Pipeline\ComputeShader.h">
      <Filter>헤더 파일\Pipeline</Filter>
    </ClInclude>
    <ClInclude Include="Pipeline\BlendState.h">
      <Filter>헤더 파일\Pipeline</Filter>
    </ClInclude>
    <ClInclude Include="Pipeline\DepthState.h">
      <Filter>헤더 파일\Pipeline</Filter>
    </ClInclude>
    <ClInclude Include="Pipeline\StencilState.h">
      <Filter>헤더 파일\Pipeline</Filter>
    </ClInclude>
    <ClInclude Include="Pipeline\RasterizerState.h">
      <Filter>헤더 파일\Pipeline</Filter>
    </ClInclude>
    <ClInclude Include="Pipeline\DomainShader.h">
      <Filter>헤더 파일\Pipeline</Filter>
    </ClInclude>
    <ClInclude Include="Pipeline\HullShader.h">
      <Filter>헤더 파일\Pipeline</Filter>
    </ClInclude>
    <ClInclude Include="Pipeline\GeometryShader.h">
      <Filter>헤더 파일\Pipeline</Filter>
    </ClInclude>
    <ClInclude Include="Pipeline\PrimitiveTopology.h">
      <Filter>헤더 파일\Pipeline</Filter>
    </ClInclude>
    <ClInclude Include="Pipeline\InputLayoutElement.h">
      <Filter>헤더 파일\Pipeline</Filter>
    </ClInclude>
    <ClInclude Include="Pipeline\RenderTargetFormats.h">
      <Filter>헤더 파일\Pipeline</Filter>
    </ClInclude>
    <ClInclude Include="Pipeline\DepthStencilFormat.h">
      <Filter>헤더 파일\Pipeline</Filter>
    </ClInclude>
    <ClInclude Include="Pipeline\SampleDesc.h">
      <Filter>헤더 파일\Pipeline</Filter>
    </ClInclude>
    <ClInclude Include="Pipeline\SampleMask.h">
      <Filter>헤더 파일\Pipeline</Filter>
    </ClInclude>
  </ItemGroup>
  <ItemGroup>
    <ClCompile Include="GraphicsSystemPch.cpp">
      <Filter>소스 파일</Filter>
    </ClCompile>
    <ClCompile Include="KEAppBase.cpp">
      <Filter>소스 파일\App</Filter>
    </ClCompile>
    <ClCompile Include="SwapChain.cpp">
      <Filter>소스 파일</Filter>
    </ClCompile>
    <ClCompile Include="DescriptorHeap.cpp">
      <Filter>소스 파일\Resources</Filter>
    </ClCompile>
    <ClCompile Include="GPUResource.cpp">
      <Filter>소스 파일\Resources</Filter>
    </ClCompile>
    <ClCompile Include="ConstantBuffer.cpp">
      <Filter>소스 파일\Resources</Filter>
    </ClCompile>
    <ClCompile Include="StructuredBuffer.cpp">
      <Filter>소스 파일\Resources</Filter>
    </ClCompile>
    <ClCompile Include="RenderTargetBuffer.cpp">
      <Filter>소스 파일\Resources</Filter>
    </ClCompile>
    <ClCompile Include="CommandContext.cpp">
      <Filter>소스 파일\Command</Filter>
    </ClCompile>
    <ClCompile Include="CommandQueue.cpp">
      <Filter>소스 파일\Command</Filter>
    </ClCompile>
    <ClCompile Include="Pipeline\VertexShader.cpp">
      <Filter>소스 파일\Pipeline</Filter>
    </ClCompile>
    <ClCompile Include="Pipeline\PixelShader.cpp">
      <Filter>소스 파일\Pipeline</Filter>
    </ClCompile>
    <ClCompile Include="Pipeline\ComputeShader.cpp">
      <Filter>소스 파일\Pipeline</Filter>
    </ClCompile>
    <ClCompile Include="Pipeline\BlendState.cpp">
      <Filter>소스 파일\Pipeline</Filter>
    </ClCompile>
    <ClCompile Include="Pipeline\DepthState.cpp">
      <Filter>소스 파일\Pipeline</Filter>
    </ClCompile>
    <ClCompile Include="Pipeline\StencilState.cpp">
      <Filter>소스 파일\Pipeline</Filter>
    </ClCompile>
    <ClCompile Include="Pipeline\RasterizerState.cpp">
      <Filter>소스 파일\Pipeline</Filter>
    </ClCompile>
    <ClCompile Include="Pipeline\DomainShader.cpp">
      <Filter>소스 파일\Pipeline</Filter>
    </ClCompile>
    <ClCompile Include="Pipeline\HullShader.cpp">
      <Filter>소스 파일\Pipeline</Filter>
    </ClCompile>
    <ClCompile Include="Pipeline\GeometryShader.cpp">
      <Filter>소스 파일\Pipeline</Filter>
    </ClCompile>
    <ClCompile Include="Pipeline\PrimitiveTopology.cpp">
      <Filter>소스 파일\Pipeline</Filter>
    </ClCompile>
    <ClCompile Include="Pipeline\InputLayoutElement.cpp">
      <Filter>소스 파일\Pipeline</Filter>
    </ClCompile>
    <ClCompile Include="Pipeline\RenderTargetFormats.cpp">
      <Filter>소스 파일\Pipeline</Filter>
    </ClCompile>
    <ClCompile Include="Pipeline\DepthStencilFormat.cpp">
      <Filter>소스 파일\Pipeline</Filter>
    </ClCompile>
    <ClCompile Include="Pipeline\SampleDesc.cpp">
      <Filter>소스 파일\Pipeline</Filter>
    </ClCompile>
    <ClCompile Include="Pipeline\SampleMask.cpp">
      <Filter>소스 파일\Pipeline</Filter>
    </ClCompile>
  </ItemGroup>
  <ItemGroup>
    <None Include="vcpkg.json" />
  </ItemGroup>
</Project>