<?xml version="1.0" encoding="utf-8"?>
<Project ToolsVersion="4.0" xmlns="http://schemas.microsoft.com/developer/msbuild/2003">
  <ItemGroup>
    <Filter Include="Header">
      <UniqueIdentifier>{d7b913c6-88ca-4fab-9a47-f1b7cc4717f7}</UniqueIdentifier>
    </Filter>
    <Filter Include="Hpp">
      <UniqueIdentifier>{d3380e2a-78f2-46e8-85cc-208cbbe98243}</UniqueIdentifier>
    </Filter>
    <Filter Include="Header\Container">
      <UniqueIdentifier>{6cdb5421-22d2-4ace-a093-c5c904b06070}</UniqueIdentifier>
    </Filter>
    <Filter Include="Header\Hash">
      <UniqueIdentifier>{15323bf1-a2f7-4d3c-9dd3-654b12177ed1}</UniqueIdentifier>
    </Filter>
    <Filter Include="Header\Utility">
      <UniqueIdentifier>{4c114321-dc74-4386-8247-2a78cc11fa82}</UniqueIdentifier>
    </Filter>
    <Filter Include="Header\Proxy">
      <UniqueIdentifier>{13e69b3b-21c9-4298-9e95-2bbdf36cfbed}</UniqueIdentifier>
    </Filter>
    <Filter Include="Header\Trait">
      <UniqueIdentifier>{77fc3e17-0926-4d5b-bb80-350b1069c40f}</UniqueIdentifier>
    </Filter>
    <Filter Include="Header\Container\String">
      <UniqueIdentifier>{81c54069-c0b4-434a-ae71-bf7dbf909f44}</UniqueIdentifier>
    </Filter>
    <Filter Include="Header\Container\Linear">
      <UniqueIdentifier>{a8b30018-c185-4e3a-bdbc-473ce47bc74f}</UniqueIdentifier>
    </Filter>
    <Filter Include="Header\Container\Graph">
      <UniqueIdentifier>{b155140e-01fa-4f87-82c3-6341077842c3}</UniqueIdentifier>
    </Filter>
    <Filter Include="Hpp\Container">
      <UniqueIdentifier>{76ece085-d6d6-4f8c-8a16-6e4c75bd268f}</UniqueIdentifier>
    </Filter>
    <Filter Include="Hpp\Hash">
      <UniqueIdentifier>{4b0d47e4-08de-48b4-bbc1-698bad8e9fb3}</UniqueIdentifier>
    </Filter>
    <Filter Include="Hpp\Proxy">
      <UniqueIdentifier>{a27a37b1-70d2-450c-99f9-6b1aa66a55ba}</UniqueIdentifier>
    </Filter>
    <Filter Include="Hpp\Trait">
      <UniqueIdentifier>{b15248e8-fa45-4e54-a408-b9ea9240d513}</UniqueIdentifier>
    </Filter>
    <Filter Include="Hpp\Utility">
      <UniqueIdentifier>{a697828b-0f6d-4957-bcac-9e5f312ea205}</UniqueIdentifier>
    </Filter>
    <Filter Include="Hpp\Container\String">
      <UniqueIdentifier>{a44cae0e-d857-4c0d-b3e0-e06a0eb55d8c}</UniqueIdentifier>
    </Filter>
    <Filter Include="Hpp\Container\Linear">
      <UniqueIdentifier>{6f318d0e-f092-432e-996a-bccf2004395c}</UniqueIdentifier>
    </Filter>
    <Filter Include="Header\Reflection">
      <UniqueIdentifier>{6514230e-12aa-4dc1-bd7f-60743473e346}</UniqueIdentifier>
    </Filter>
    <Filter Include="Hpp\Reflection">
      <UniqueIdentifier>{b2faba1f-f125-40eb-93ff-83aed161632e}</UniqueIdentifier>
    </Filter>
    <Filter Include="Header\Container\Buffer">
      <UniqueIdentifier>{23f14f4d-606f-4a11-a1a6-dc2b40f989e6}</UniqueIdentifier>
    </Filter>
    <Filter Include="Hpp\Container\Buffer">
      <UniqueIdentifier>{58c20ff1-3de8-404c-a70f-3d089a7f16a9}</UniqueIdentifier>
    </Filter>
  </ItemGroup>
  <ItemGroup>
    <ClInclude Include="$(MSBuildThisFileDirectory)AllocatorTraits.h">
      <Filter>Header\Trait</Filter>
    </ClInclude>
    <ClInclude Include="$(MSBuildThisFileDirectory)BinHoodBucketNode.h">
      <Filter>Header\Hash</Filter>
    </ClInclude>
    <ClInclude Include="$(MSBuildThisFileDirectory)BitFlag.h">
      <Filter>Header\Utility</Filter>
    </ClInclude>
    <ClInclude Include="$(MSBuildThisFileDirectory)BoundedString.h">
      <Filter>Header\Container\String</Filter>
    </ClInclude>
    <ClInclude Include="$(MSBuildThisFileDirectory)ColumnarVector.h">
      <Filter>Header\Container\Linear</Filter>
    </ClInclude>
    <ClInclude Include="$(MSBuildThisFileDirectory)ContainerTraits.h">
      <Filter>Header\Utility</Filter>
    </ClInclude>
    <ClInclude Include="$(MSBuildThisFileDirectory)Deque.h">
      <Filter>Header\Container\Linear</Filter>
    </ClInclude>
    <ClInclude Include="$(MSBuildThisFileDirectory)DirtyBitFlaggedFunction.h">
      <Filter>Header\Utility</Filter>
    </ClInclude>
    <ClInclude Include="$(MSBuildThisFileDirectory)DirtyFlaggedFunction.h">
      <Filter>Header\Utility</Filter>
    </ClInclude>
    <ClInclude Include="$(MSBuildThisFileDirectory)FlyweightString.h">
      <Filter>Header\Container\String</Filter>
    </ClInclude>
    <ClInclude Include="$(MSBuildThisFileDirectory)HashGenerator.h">
      <Filter>Header\Hash</Filter>
    </ClInclude>
    <ClInclude Include="$(MSBuildThisFileDirectory)HashMap.h">
      <Filter>Header\Hash</Filter>
    </ClInclude>
    <ClInclude Include="$(MSBuildThisFileDirectory)HashSet.h">
      <Filter>Header\Hash</Filter>
    </ClInclude>
    <ClInclude Include="$(MSBuildThisFileDirectory)HashTraits.h">
      <Filter>Header\Trait</Filter>
    </ClInclude>
    <ClInclude Include="$(MSBuildThisFileDirectory)Iterator.h">
      <Filter>Header\Proxy</Filter>
    </ClInclude>
    <ClInclude Include="$(MSBuildThisFileDirectory)MemoryCommon.h">
      <Filter>Header\Utility</Filter>
    </ClInclude>
    <ClInclude Include="$(MSBuildThisFileDirectory)MathCommon.h">
      <Filter>Header\Utility</Filter>
    </ClInclude>
    <ClInclude Include="$(MSBuildThisFileDirectory)MallocAllocator.h">
      <Filter>Header\Utility</Filter>
    </ClInclude>
    <ClInclude Include="$(MSBuildThisFileDirectory)MethodTraits.h">
      <Filter>Header\Trait</Filter>
    </ClInclude>
    <ClInclude Include="$(MSBuildThisFileDirectory)OptionalValue.h">
      <Filter>Header\Utility</Filter>
    </ClInclude>
    <ClInclude Include="$(MSBuildThisFileDirectory)LinearContainer.h">
      <Filter>Header\Container</Filter>
    </ClInclude>
    <ClInclude Include="$(MSBuildThisFileDirectory)OwnedString.h">
      <Filter>Header\Container\String</Filter>
    </ClInclude>
    <ClInclude Include="$(MSBuildThisFileDirectory)Queue.h">
      <Filter>Header\Container\Linear</Filter>
    </ClInclude>
    <ClInclude Include="$(MSBuildThisFileDirectory)Stack.h">
      <Filter>Header\Container\Linear</Filter>
    </ClInclude>
    <ClInclude Include="$(MSBuildThisFileDirectory)StaticArray.h">
      <Filter>Header\Container\Linear</Filter>
    </ClInclude>
    <ClInclude Include="$(MSBuildThisFileDirectory)StaticColumnarArray.h">
      <Filter>Header\Container\Linear</Filter>
    </ClInclude>
    <ClInclude Include="$(MSBuildThisFileDirectory)Vector.h">
      <Filter>Header\Container\Linear</Filter>
    </ClInclude>
    <ClInclude Include="$(MSBuildThisFileDirectory)Tree.h">
      <Filter>Header\Container\Graph</Filter>
    </ClInclude>
    <ClInclude Include="$(MSBuildThisFileDirectory)StringView.h">
      <Filter>Header\Container\String</Filter>
    </ClInclude>
    <ClInclude Include="$(MSBuildThisFileDirectory)StringHelper.h">
      <Filter>Header\Container\String</Filter>
    </ClInclude>
    <ClInclude Include="$(MSBuildThisFileDirectory)PoolAllocator.h">
      <Filter>Header\Utility</Filter>
    </ClInclude>
    <ClInclude Include="$(MSBuildThisFileDirectory)RefCountPointer.h">
      <Filter>Header\Proxy</Filter>
    </ClInclude>
    <ClInclude Include="$(MSBuildThisFileDirectory)TypeCommon.h">
      <Filter>Header\Utility</Filter>
    </ClInclude>
    <ClInclude Include="$(MSBuildThisFileDirectory)TypeLimit.h">
      <Filter>Header\Utility</Filter>
    </ClInclude>
    <ClInclude Include="$(MSBuildThisFileDirectory)TypeTraits.h">
      <Filter>Header\Trait</Filter>
    </ClInclude>
    <ClInclude Include="$(MSBuildThisFileDirectory)UtilityCommon.h">
      <Filter>Header\Utility</Filter>
    </ClInclude>
    <ClInclude Include="$(MSBuildThisFileDirectory)WeakPointer.h">
      <Filter>Header\Proxy</Filter>
    </ClInclude>
    <ClInclude Include="$(MSBuildThisFileDirectory)BinHoodBucketNode.hpp">
      <Filter>Hpp\Hash</Filter>
    </ClInclude>
    <ClInclude Include="$(MSBuildThisFileDirectory)BitFlag.hpp">
      <Filter>Hpp\Utility</Filter>
    </ClInclude>
    <ClInclude Include="$(MSBuildThisFileDirectory)BoundedString.hpp">
      <Filter>Hpp\Container\String</Filter>
    </ClInclude>
    <ClInclude Include="$(MSBuildThisFileDirectory)DirtyBitFlaggedFunction.hpp">
      <Filter>Hpp\Utility</Filter>
    </ClInclude>
    <ClInclude Include="$(MSBuildThisFileDirectory)DirtyFlaggedFunction.hpp">
      <Filter>Hpp\Utility</Filter>
    </ClInclude>
    <ClInclude Include="$(MSBuildThisFileDirectory)FlyweightString.hpp">
      <Filter>Hpp\Container\String</Filter>
    </ClInclude>
    <ClInclude Include="$(MSBuildThisFileDirectory)HashGenerator.hpp">
      <Filter>Hpp\Hash</Filter>
    </ClInclude>
    <ClInclude Include="$(MSBuildThisFileDirectory)HashMap.hpp">
      <Filter>Hpp\Hash</Filter>
    </ClInclude>
    <ClInclude Include="$(MSBuildThisFileDirectory)HashSet.hpp">
      <Filter>Hpp\Hash</Filter>
    </ClInclude>
    <ClInclude Include="$(MSBuildThisFileDirectory)Iterator.hpp">
      <Filter>Hpp\Proxy</Filter>
    </ClInclude>
    <ClInclude Include="$(MSBuildThisFileDirectory)LinearContainer.hpp">
      <Filter>Hpp\Container\Linear</Filter>
    </ClInclude>
    <ClInclude Include="$(MSBuildThisFileDirectory)MathCommon.hpp">
      <Filter>Hpp\Utility</Filter>
    </ClInclude>
    <ClInclude Include="$(MSBuildThisFileDirectory)MemoryCommon.hpp">
      <Filter>Hpp\Utility</Filter>
    </ClInclude>
    <ClInclude Include="$(MSBuildThisFileDirectory)MallocAllocator.hpp">
      <Filter>Hpp\Utility</Filter>
    </ClInclude>
    <ClInclude Include="$(MSBuildThisFileDirectory)OptionalValue.hpp">
      <Filter>Hpp\Utility</Filter>
    </ClInclude>
    <ClInclude Include="$(MSBuildThisFileDirectory)OwnedString.hpp">
      <Filter>Hpp\Container\String</Filter>
    </ClInclude>
    <ClInclude Include="$(MSBuildThisFileDirectory)StaticArray.hpp">
      <Filter>Hpp\Container\Linear</Filter>
    </ClInclude>
    <ClInclude Include="$(MSBuildThisFileDirectory)StaticColumnarArray.hpp">
      <Filter>Hpp\Container\Linear</Filter>
    </ClInclude>
    <ClInclude Include="$(MSBuildThisFileDirectory)Vector.hpp">
      <Filter>Hpp\Container\Linear</Filter>
    </ClInclude>
    <ClInclude Include="$(MSBuildThisFileDirectory)StringView.hpp">
      <Filter>Hpp\Container\String</Filter>
    </ClInclude>
    <ClInclude Include="$(MSBuildThisFileDirectory)StringHelper.hpp">
      <Filter>Hpp\Container\String</Filter>
    </ClInclude>
    <ClInclude Include="$(MSBuildThisFileDirectory)PoolAllocator.hpp">
      <Filter>Hpp\Utility</Filter>
    </ClInclude>
    <ClInclude Include="$(MSBuildThisFileDirectory)RefCountPointer.hpp">
      <Filter>Hpp\Utility</Filter>
    </ClInclude>
    <ClInclude Include="$(MSBuildThisFileDirectory)TypeLimit.hpp">
      <Filter>Hpp\Utility</Filter>
    </ClInclude>
    <ClInclude Include="$(MSBuildThisFileDirectory)WeakPointer.hpp">
      <Filter>Hpp\Proxy</Filter>
    </ClInclude>
    <ClInclude Include="$(MSBuildThisFileDirectory)StringConvertor.h">
      <Filter>Header\Container\String</Filter>
    </ClInclude>
    <ClInclude Include="$(MSBuildThisFileDirectory)StringConvertor.hpp">
      <Filter>Hpp\Container\String</Filter>
    </ClInclude>
    <ClInclude Include="$(MSBuildThisFileDirectory)ReflectMetaData.h">
      <Filter>Header\Reflection</Filter>
    </ClInclude>
    <ClInclude Include="$(MSBuildThisFileDirectory)ReflectObject.h">
      <Filter>Header\Reflection</Filter>
    </ClInclude>
    <ClInclude Include="$(MSBuildThisFileDirectory)ReflectParser.h">
      <Filter>Header\Reflection</Filter>
    </ClInclude>
    <ClInclude Include="$(MSBuildThisFileDirectory)ReflectProperty.h">
      <Filter>Header\Reflection</Filter>
    </ClInclude>
    <ClInclude Include="$(MSBuildThisFileDirectory)ReflectObject.hpp">
      <Filter>Hpp\Reflection</Filter>
    </ClInclude>
    <ClInclude Include="$(MSBuildThisFileDirectory)ReflectParser.hpp">
      <Filter>Hpp\Reflection</Filter>
    </ClInclude>
    <ClInclude Include="$(MSBuildThisFileDirectory)ReflectProperty.hpp">
      <Filter>Hpp\Reflection</Filter>
    </ClInclude>
    <ClInclude Include="$(MSBuildThisFileDirectory)OverwriteRingBuffer.h">
      <Filter>Header\Container\Buffer</Filter>
    </ClInclude>
    <ClInclude Include="$(MSBuildThisFileDirectory)RingBuffer.h">
      <Filter>Header\Container\Buffer</Filter>
    </ClInclude>
    <ClInclude Include="$(MSBuildThisFileDirectory)StaticBuffer.h">
      <Filter>Header\Container\Buffer</Filter>
    </ClInclude>
    <ClInclude Include="$(MSBuildThisFileDirectory)OverwriteRingBuffer.hpp">
      <Filter>Hpp\Container\Buffer</Filter>
    </ClInclude>
    <ClInclude Include="$(MSBuildThisFileDirectory)RingBuffer.hpp">
      <Filter>Hpp\Container\Buffer</Filter>
    </ClInclude>
    <ClInclude Include="$(MSBuildThisFileDirectory)StaticBuffer.hpp">
      <Filter>Hpp\Container\Buffer</Filter>
    </ClInclude>
  </ItemGroup>
</Project>