<?xml version="1.0" encoding="utf-8"?>
<Project ToolsVersion="4.0" xmlns="http://schemas.microsoft.com/developer/msbuild/2003">
  <ItemGroup>
    <Filter Include="소스 파일">
      <UniqueIdentifier>{4FC737F1-C7A5-4376-A066-2A32D752A2FF}</UniqueIdentifier>
      <Extensions>cpp;c;cc;cxx;c++;cppm;ixx;def;odl;idl;hpj;bat;asm;asmx</Extensions>
    </Filter>
    <Filter Include="헤더 파일">
      <UniqueIdentifier>{93995380-89BD-4b04-88EB-625FBE52EBFB}</UniqueIdentifier>
      <Extensions>h;hh;hpp;hxx;h++;hm;inl;inc;ipp;xsd</Extensions>
    </Filter>
    <Filter Include="리소스 파일">
      <UniqueIdentifier>{67DA6AB6-F800-4c08-8B7A-83BB121AAD01}</UniqueIdentifier>
      <Extensions>rc;ico;cur;bmp;dlg;rc2;rct;bin;rgs;gif;jpg;jpeg;jpe;resx;tiff;tif;png;wav;mfcribbon-ms</Extensions>
    </Filter>
    <Filter Include="헤더 파일\Hpp">
      <UniqueIdentifier>{3e489e81-0321-4101-848d-68d6de9dda3d}</UniqueIdentifier>
    </Filter>
    <Filter Include="헤더 파일\Header">
      <UniqueIdentifier>{f27d2d0e-b1cc-4b83-b5b7-984c81946245}</UniqueIdentifier>
    </Filter>
    <Filter Include="헤더 파일\Hpp\MetaData">
      <UniqueIdentifier>{afc1935d-36ff-41bb-b8a1-ee91061632cc}</UniqueIdentifier>
    </Filter>
    <Filter Include="헤더 파일\Header\MetaData">
      <UniqueIdentifier>{4289d668-2331-424b-ba4d-a3a17a8019cc}</UniqueIdentifier>
    </Filter>
    <Filter Include="소스 파일\MetaData">
      <UniqueIdentifier>{b6b2b25f-9549-4065-8563-31ffa109b53a}</UniqueIdentifier>
    </Filter>
    <Filter Include="헤더 파일\Hpp\Reflection">
      <UniqueIdentifier>{613ac26a-91fd-4df1-96ca-38ca4c372c93}</UniqueIdentifier>
    </Filter>
    <Filter Include="헤더 파일\Header\Reflection">
      <UniqueIdentifier>{4db59037-ab7f-46bf-871a-47801851acaf}</UniqueIdentifier>
    </Filter>
    <Filter Include="헤더 파일\Hpp\Utility">
      <UniqueIdentifier>{f6f30f81-cd9c-46df-83f1-2070a56e2483}</UniqueIdentifier>
    </Filter>
    <Filter Include="헤더 파일\Header\Utility">
      <UniqueIdentifier>{cd1c8377-30b0-42e0-b4fb-15f9752f34a2}</UniqueIdentifier>
    </Filter>
    <Filter Include="소스 파일\Reflection">
      <UniqueIdentifier>{5ee516fa-08e9-4495-9d57-21a354be9599}</UniqueIdentifier>
    </Filter>
    <Filter Include="소스 파일\Utility">
      <UniqueIdentifier>{33b3a303-7143-4f92-aeff-8c6bcf333caa}</UniqueIdentifier>
    </Filter>
  </ItemGroup>
  <ItemGroup>
    <ClInclude Include="ReflectSystemPch.h">
      <Filter>헤더 파일</Filter>
    </ClInclude>
    <ClInclude Include="ReflectParser.h">
      <Filter>헤더 파일\Header\Utility</Filter>
    </ClInclude>
    <ClInclude Include="ReflectParser.hpp">
      <Filter>헤더 파일\Hpp\Utility</Filter>
    </ClInclude>
    <ClInclude Include="ReflectSerializer.hpp">
      <Filter>헤더 파일\Hpp\Utility</Filter>
    </ClInclude>
    <ClInclude Include="ReflectSerializer.h">
      <Filter>헤더 파일\Header\Utility</Filter>
    </ClInclude>
    <ClInclude Include="ReflectProperty.h">
      <Filter>헤더 파일\Header\Reflection</Filter>
    </ClInclude>
    <ClInclude Include="IReflectObject.h">
      <Filter>헤더 파일\Header\Reflection</Filter>
    </ClInclude>
    <ClInclude Include="ReflectProperty.hpp">
      <Filter>헤더 파일\Hpp\Reflection</Filter>
    </ClInclude>
    <ClInclude Include="ReflectObject.h">
      <Filter>헤더 파일\Header\Reflection</Filter>
    </ClInclude>
    <ClInclude Include="ReflectMetaData.h">
      <Filter>헤더 파일\Header\MetaData</Filter>
    </ClInclude>
    <ClInclude Include="ReflectObject.hpp">
      <Filter>헤더 파일\Hpp\Reflection</Filter>
    </ClInclude>
    <ClInclude Include="ReflectPropertyBinder.h">
      <Filter>헤더 파일\Header\Reflection</Filter>
    </ClInclude>
    <ClInclude Include="ReflectPropertyBinder.hpp">
      <Filter>헤더 파일\Hpp\Reflection</Filter>
    </ClInclude>
  </ItemGroup>
  <ItemGroup>
    <ClCompile Include="ReflectSystemPch.cpp">
      <Filter>소스 파일</Filter>
    </ClCompile>
    <ClCompile Include="ReflectMetaData.cpp">
      <Filter>소스 파일\MetaData</Filter>
    </ClCompile>
    <ClCompile Include="ReflectObject.cpp">
      <Filter>소스 파일\Reflection</Filter>
    </ClCompile>
    <ClCompile Include="ReflectProperty.cpp">
      <Filter>소스 파일\Reflection</Filter>
    </ClCompile>
    <ClCompile Include="ReflectParser.cpp">
      <Filter>소스 파일\Utility</Filter>
    </ClCompile>
    <ClCompile Include="ReflectPropertyBinder.cpp">
      <Filter>소스 파일\Reflection</Filter>
    </ClCompile>
  </ItemGroup>
</Project>