<?xml version="1.0" encoding="utf-8"?>
<Project ToolsVersion="4.0" xmlns="http://schemas.microsoft.com/developer/msbuild/2003">
  <ItemGroup>
    <Filter Include="Header">
      <UniqueIdentifier>{d956e5ff-5ca3-4bb5-a1ac-6efc055ca281}</UniqueIdentifier>
    </Filter>
    <Filter Include="Hpp">
      <UniqueIdentifier>{c27692f7-6823-4b29-82a0-abe6764faab8}</UniqueIdentifier>
    </Filter>
    <Filter Include="Header\Reflect">
      <UniqueIdentifier>{97ab04f4-b2ac-4861-814e-9068d9b4cbef}</UniqueIdentifier>
    </Filter>
    <Filter Include="Header\XML">
      <UniqueIdentifier>{e556db5e-349a-4882-96aa-81a86517a88e}</UniqueIdentifier>
    </Filter>
    <Filter Include="Hpp\Reflect">
      <UniqueIdentifier>{ed300063-77a4-4e1e-942e-8b1338236597}</UniqueIdentifier>
    </Filter>
    <Filter Include="Hpp\XML">
      <UniqueIdentifier>{2f9f864c-b870-4892-b3fe-44bc2716f4ca}</UniqueIdentifier>
    </Filter>
  </ItemGroup>
  <ItemGroup>
    <ClInclude Include="$(MSBuildThisFileDirectory)ReflectObject.hpp">
      <Filter>Hpp\Reflect</Filter>
    </ClInclude>
    <ClInclude Include="$(MSBuildThisFileDirectory)ReflectProperty.hpp">
      <Filter>Hpp\Reflect</Filter>
    </ClInclude>
    <ClInclude Include="$(MSBuildThisFileDirectory)ReflectMetaData.h">
      <Filter>Header\Reflect</Filter>
    </ClInclude>
    <ClInclude Include="$(MSBuildThisFileDirectory)ReflectObject.h">
      <Filter>Header\Reflect</Filter>
    </ClInclude>
    <ClInclude Include="$(MSBuildThisFileDirectory)ReflectProperty.h">
      <Filter>Header\Reflect</Filter>
    </ClInclude>
    <ClInclude Include="$(MSBuildThisFileDirectory)XmlParser.h">
      <Filter>Header\XML</Filter>
    </ClInclude>
    <ClInclude Include="$(MSBuildThisFileDirectory)XMLParseHelper.h">
      <Filter>Header\XML</Filter>
    </ClInclude>
    <ClInclude Include="$(MSBuildThisFileDirectory)ReflectParser.h">
      <Filter>Header\Reflect</Filter>
    </ClInclude>
    <ClInclude Include="$(MSBuildThisFileDirectory)ReflectParser.hpp">
      <Filter>Hpp\Reflect</Filter>
    </ClInclude>
  </ItemGroup>
</Project>